
Microsoft Visual Studio Solution File, Format Version 12.00
# Visual Studio Version 16
VisualStudioVersion = 16.0.29613.14
MinimumVisualStudioVersion = 10.0.40219.1
Project("{FAE04EC0-301F-11D3-BF4B-00C04F79EFBC}") = "MultiFactor.Radius.Adapter", "MultiFactor.Radius.Adapter\MultiFactor.Radius.Adapter.csproj", "{29F671C6-62DA-40AA-905F-0A9387209FFE}"
EndProject
Project("{2150E333-8FDC-42A3-9474-1A3956D46DE8}") = "Solution Items", "Solution Items", "{44F0F077-514B-4997-BA81-333D04E18299}"
	ProjectSection(SolutionItems) = preProject
		LICENSE.md = LICENSE.md
	EndProjectSection
EndProject
Global
	GlobalSection(SolutionConfigurationPlatforms) = preSolution
		Debug|Any CPU = Debug|Any CPU
		Release|Any CPU = Release|Any CPU
	EndGlobalSection
	GlobalSection(ProjectConfigurationPlatforms) = postSolution
		{29F671C6-62DA-40AA-905F-0A9387209FFE}.Debug|Any CPU.ActiveCfg = Debug|Any CPU
		{29F671C6-62DA-40AA-905F-0A9387209FFE}.Debug|Any CPU.Build.0 = Debug|Any CPU
		{29F671C6-62DA-40AA-905F-0A9387209FFE}.Release|Any CPU.ActiveCfg = Release|Any CPU
		{29F671C6-62DA-40AA-905F-0A9387209FFE}.Release|Any CPU.Build.0 = Release|Any CPU
	EndGlobalSection
	GlobalSection(SolutionProperties) = preSolution
		HideSolutionNode = FALSE
	EndGlobalSection
	GlobalSection(ExtensibilityGlobals) = postSolution
		SolutionGuid = {6A04FF43-9336-4FF0-8D90-928196C394C6}
	EndGlobalSection
EndGlobal
